
Microsoft Visual Studio Solution File, Format Version 12.00
# Visual Studio Version 16
VisualStudioVersion = 16.0.31424.327
MinimumVisualStudioVersion = 10.0.40219.1
Project("{FAE04EC0-301F-11D3-BF4B-00C04F79EFBC}") = "UserMaintenance", "UserMaintenance\UserMaintenance.csproj", "{13C37A59-D09D-455B-B476-724D2AC87223}"
EndProject
Global
	GlobalSection(SolutionConfigurationPlatforms) = preSolution
		Debug|Any CPU = Debug|Any CPU
		Release|Any CPU = Release|Any CPU
	EndGlobalSection
	GlobalSection(ProjectConfigurationPlatforms) = postSolution
		{13C37A59-D09D-455B-B476-724D2AC87223}.Debug|Any CPU.ActiveCfg = Debug|Any CPU
		{13C37A59-D09D-455B-B476-724D2AC87223}.Debug|Any CPU.Build.0 = Debug|Any CPU
		{13C37A59-D09D-455B-B476-724D2AC87223}.Release|Any CPU.ActiveCfg = Release|Any CPU
		{13C37A59-D09D-455B-B476-724D2AC87223}.Release|Any CPU.Build.0 = Release|Any CPU
	EndGlobalSection
	GlobalSection(SolutionProperties) = preSolution
		HideSolutionNode = FALSE
	EndGlobalSection
	GlobalSection(ExtensibilityGlobals) = postSolution
		SolutionGuid = {DA47F9AA-235E-4C7A-BADD-4B0476C5C711}
	EndGlobalSection
EndGlobal
